
Microsoft Visual Studio Solution File, Format Version 12.00
# Visual Studio Version 16
VisualStudioVersion = 16.0.33027.164
MinimumVisualStudioVersion = 10.0.40219.1
Project("{8BC9CEB8-8B4A-11D0-8D11-00A0C91BC942}") = "三子棋", "三子棋\三子棋.vcxproj", "{68689CE0-24EF-47B0-866A-BC4EC529C3B8}"
EndProject
Global
	GlobalSection(SolutionConfigurationPlatforms) = preSolution
		Debug|x64 = Debug|x64
		Debug|x86 = Debug|x86
		Release|x64 = Release|x64
		Release|x86 = Release|x86
	EndGlobalSection
	GlobalSection(ProjectConfigurationPlatforms) = postSolution
		{68689CE0-24EF-47B0-866A-BC4EC529C3B8}.Debug|x64.ActiveCfg = Debug|x64
		{68689CE0-24EF-47B0-866A-BC4EC529C3B8}.Debug|x64.Build.0 = Debug|x64
		{68689CE0-24EF-47B0-866A-BC4EC529C3B8}.Debug|x86.ActiveCfg = Debug|Win32
		{68689CE0-24EF-47B0-866A-BC4EC529C3B8}.Debug|x86.Build.0 = Debug|Win32
		{68689CE0-24EF-47B0-866A-BC4EC529C3B8}.Release|x64.ActiveCfg = Release|x64
		{68689CE0-24EF-47B0-866A-BC4EC529C3B8}.Release|x64.Build.0 = Release|x64
		{68689CE0-24EF-47B0-866A-BC4EC529C3B8}.Release|x86.ActiveCfg = Release|Win32
		{68689CE0-24EF-47B0-866A-BC4EC529C3B8}.Release|x86.Build.0 = Release|Win32
	EndGlobalSection
	GlobalSection(SolutionProperties) = preSolution
		HideSolutionNode = FALSE
	EndGlobalSection
	GlobalSection(ExtensibilityGlobals) = postSolution
		SolutionGuid = {355BB0C9-FDD0-427A-854A-DE2B6A172FF8}
	EndGlobalSection
EndGlobal
